# This file was autogenerated by Stack.
# You should not edit this file by hand.
# For more information, please see the documentation at:
#   https://docs.haskellstack.org/en/stable/lock_files

packages:
- completed:
    name: apocrypha
    version: 0.1.1.0
    git: https://github.com/Gandalf-/apocrypha-haskell/
    pantry-tree:
      size: 1146
      sha256: f89db872e51d1da0dfb59b97a8bb16b4525f7f9c42f07f1e180d54351191d6c2
    commit: 66fd3be3de299ce1fd8ef4d5b4ddb2aa52ed093c
  original:
    git: https://github.com/Gandalf-/apocrypha-haskell/
    commit: 66fd3be3de299ce1fd8ef4d5b4ddb2aa52ed093c
snapshots:
- completed:
    size: 504771
    url: https://raw.githubusercontent.com/commercialhaskell/stackage-snapshots/master/lts/12/14.yaml
    sha256: 3cbd6c83316dd5e2bbc756dc7a2a4e31a31859c3f8b5c720efb6850b08e42649
  original: lts-12.14
